
Microsoft Visual Studio Solution File, Format Version 12.00
# Visual Studio 15
VisualStudioVersion = 15.0.28010.2026
MinimumVisualStudioVersion = 10.0.40219.1
Project("{FAE04EC0-301F-11D3-BF4B-00C04F79EFBC}") = "SampleCoreEFPrjects", "SampleCoreEFPrjects\SampleCoreEFPrjects.csproj", "{A33B8B4D-4990-4816-9275-7B72D9A18A09}"
EndProject
Global
	GlobalSection(SolutionConfigurationPlatforms) = preSolution
		Debug|Any CPU = Debug|Any CPU
		Release|Any CPU = Release|Any CPU
	EndGlobalSection
	GlobalSection(ProjectConfigurationPlatforms) = postSolution
		{A33B8B4D-4990-4816-9275-7B72D9A18A09}.Debug|Any CPU.ActiveCfg = Debug|Any CPU
		{A33B8B4D-4990-4816-9275-7B72D9A18A09}.Debug|Any CPU.Build.0 = Debug|Any CPU
		{A33B8B4D-4990-4816-9275-7B72D9A18A09}.Release|Any CPU.ActiveCfg = Release|Any CPU
		{A33B8B4D-4990-4816-9275-7B72D9A18A09}.Release|Any CPU.Build.0 = Release|Any CPU
	EndGlobalSection
	GlobalSection(SolutionProperties) = preSolution
		HideSolutionNode = FALSE
	EndGlobalSection
	GlobalSection(ExtensibilityGlobals) = postSolution
		SolutionGuid = {D4908BD6-5C9D-433B-B3F2-FCCCE190D649}
	EndGlobalSection
EndGlobal
